
Microsoft Visual Studio Solution File, Format Version 12.00
# Visual Studio 15
VisualStudioVersion = 15.0.27703.2042
MinimumVisualStudioVersion = 10.0.40219.1
Project("{FAE04EC0-301F-11D3-BF4B-00C04F79EFBC}") = "Dottatec.Android", "Dottatec\Dottatec.Android\Dottatec.Android.csproj", "{2537798F-789B-4E4C-92D4-7125DC1A1CB7}"
EndProject
Project("{FAE04EC0-301F-11D3-BF4B-00C04F79EFBC}") = "Dottatec.iOS", "Dottatec\Dottatec.iOS\Dottatec.iOS.csproj", "{776117CF-6A38-46F5-9734-B62EF6D16FED}"
EndProject
Project("{FAE04EC0-301F-11D3-BF4B-00C04F79EFBC}") = "Dottatec.UWP", "Dottatec\Dottatec.UWP\Dottatec.UWP.csproj", "{D666E15F-4AB4-450C-998C-ACAA5062DCE4}"
EndProject
Project("{FAE04EC0-301F-11D3-BF4B-00C04F79EFBC}") = "Dottatec", "Dottatec\Dottatec\Dottatec.csproj", "{DBB54D05-25AB-4F12-8275-B67552C11209}"
EndProject
Global
	GlobalSection(SolutionConfigurationPlatforms) = preSolution
		Ad-Hoc|Any CPU = Ad-Hoc|Any CPU
		Ad-Hoc|ARM = Ad-Hoc|ARM
		Ad-Hoc|iPhone = Ad-Hoc|iPhone
		Ad-Hoc|iPhoneSimulator = Ad-Hoc|iPhoneSimulator
		Ad-Hoc|x64 = Ad-Hoc|x64
		Ad-Hoc|x86 = Ad-Hoc|x86
		AppStore|Any CPU = AppStore|Any CPU
		AppStore|ARM = AppStore|ARM
		AppStore|iPhone = AppStore|iPhone
		AppStore|iPhoneSimulator = AppStore|iPhoneSimulator
		AppStore|x64 = AppStore|x64
		AppStore|x86 = AppStore|x86
		Debug|Any CPU = Debug|Any CPU
		Debug|ARM = Debug|ARM
		Debug|iPhone = Debug|iPhone
		Debug|iPhoneSimulator = Debug|iPhoneSimulator
		Debug|x64 = Debug|x64
		Debug|x86 = Debug|x86
		Release|Any CPU = Release|Any CPU
		Release|ARM = Release|ARM
		Release|iPhone = Release|iPhone
		Release|iPhoneSimulator = Release|iPhoneSimulator
		Release|x64 = Release|x64
		Release|x86 = Release|x86
	EndGlobalSection
	GlobalSection(ProjectConfigurationPlatforms) = postSolution
		{2537798F-789B-4E4C-92D4-7125DC1A1CB7}.Ad-Hoc|Any CPU.ActiveCfg = Release|Any CPU
		{2537798F-789B-4E4C-92D4-7125DC1A1CB7}.Ad-Hoc|Any CPU.Build.0 = Release|Any CPU
		{2537798F-789B-4E4C-92D4-7125DC1A1CB7}.Ad-Hoc|Any CPU.Deploy.0 = Release|Any CPU
		{2537798F-789B-4E4C-92D4-7125DC1A1CB7}.Ad-Hoc|ARM.ActiveCfg = Release|Any CPU
		{2537798F-789B-4E4C-92D4-7125DC1A1CB7}.Ad-Hoc|ARM.Build.0 = Release|Any CPU
		{2537798F-789B-4E4C-92D4-7125DC1A1CB7}.Ad-Hoc|ARM.Deploy.0 = Release|Any CPU
		{2537798F-789B-4E4C-92D4-7125DC1A1CB7}.Ad-Hoc|iPhone.ActiveCfg = Release|Any CPU
		{2537798F-789B-4E4C-92D4-7125DC1A1CB7}.Ad-Hoc|iPhone.Build.0 = Release|Any CPU
		{2537798F-789B-4E4C-92D4-7125DC1A1CB7}.Ad-Hoc|iPhone.Deploy.0 = Release|Any CPU
		{2537798F-789B-4E4C-92D4-7125DC1A1CB7}.Ad-Hoc|iPhoneSimulator.ActiveCfg = Release|Any CPU
		{2537798F-789B-4E4C-92D4-7125DC1A1CB7}.Ad-Hoc|iPhoneSimulator.Build.0 = Release|Any CPU
		{2537798F-789B-4E4C-92D4-7125DC1A1CB7}.Ad-Hoc|iPhoneSimulator.Deploy.0 = Release|Any CPU
		{2537798F-789B-4E4C-92D4-7125DC1A1CB7}.Ad-Hoc|x64.ActiveCfg = Release|Any CPU
		{2537798F-789B-4E4C-92D4-7125DC1A1CB7}.Ad-Hoc|x64.Build.0 = Release|Any CPU
		{2537798F-789B-4E4C-92D4-7125DC1A1CB7}.Ad-Hoc|x64.Deploy.0 = Release|Any CPU
		{2537798F-789B-4E4C-92D4-7125DC1A1CB7}.Ad-Hoc|x86.ActiveCfg = Release|Any CPU
		{2537798F-789B-4E4C-92D4-7125DC1A1CB7}.Ad-Hoc|x86.Build.0 = Release|Any CPU
		{2537798F-789B-4E4C-92D4-7125DC1A1CB7}.Ad-Hoc|x86.Deploy.0 = Release|Any CPU
		{2537798F-789B-4E4C-92D4-7125DC1A1CB7}.AppStore|Any CPU.ActiveCfg = Release|Any CPU
		{2537798F-789B-4E4C-92D4-7125DC1A1CB7}.AppStore|Any CPU.Build.0 = Release|Any CPU
		{2537798F-789B-4E4C-92D4-7125DC1A1CB7}.AppStore|Any CPU.Deploy.0 = Release|Any CPU
		{2537798F-789B-4E4C-92D4-7125DC1A1CB7}.AppStore|ARM.ActiveCfg = Release|Any CPU
		{2537798F-789B-4E4C-92D4-7125DC1A1CB7}.AppStore|ARM.Build.0 = Release|Any CPU
		{2537798F-789B-4E4C-92D4-7125DC1A1CB7}.AppStore|ARM.Deploy.0 = Release|Any CPU
		{2537798F-789B-4E4C-92D4-7125DC1A1CB7}.AppStore|iPhone.ActiveCfg = Release|Any CPU
		{2537798F-789B-4E4C-92D4-7125DC1A1CB7}.AppStore|iPhone.Build.0 = Release|Any CPU
		{2537798F-789B-4E4C-92D4-7125DC1A1CB7}.AppStore|iPhone.Deploy.0 = Release|Any CPU
		{2537798F-789B-4E4C-92D4-7125DC1A1CB7}.AppStore|iPhoneSimulator.ActiveCfg = Release|Any CPU
		{2537798F-789B-4E4C-92D4-7125DC1A1CB7}.AppStore|iPhoneSimulator.Build.0 = Release|Any CPU
		{2537798F-789B-4E4C-92D4-7125DC1A1CB7}.AppStore|iPhoneSimulator.Deploy.0 = Release|Any CPU
		{2537798F-789B-4E4C-92D4-7125DC1A1CB7}.AppStore|x64.ActiveCfg = Release|Any CPU
		{2537798F-789B-4E4C-92D4-7125DC1A1CB7}.AppStore|x64.Build.0 = Release|Any CPU
		{2537798F-789B-4E4C-92D4-7125DC1A1CB7}.AppStore|x64.Deploy.0 = Release|Any CPU
		{2537798F-789B-4E4C-92D4-7125DC1A1CB7}.AppStore|x86.ActiveCfg = Release|Any CPU
		{2537798F-789B-4E4C-92D4-7125DC1A1CB7}.AppStore|x86.Build.0 = Release|Any CPU
		{2537798F-789B-4E4C-92D4-7125DC1A1CB7}.AppStore|x86.Deploy.0 = Release|Any CPU
		{2537798F-789B-4E4C-92D4-7125DC1A1CB7}.Debug|Any CPU.ActiveCfg = Debug|Any CPU
		{2537798F-789B-4E4C-92D4-7125DC1A1CB7}.Debug|Any CPU.Build.0 = Debug|Any CPU
		{2537798F-789B-4E4C-92D4-7125DC1A1CB7}.Debug|Any CPU.Deploy.0 = Debug|Any CPU
		{2537798F-789B-4E4C-92D4-7125DC1A1CB7}.Debug|ARM.ActiveCfg = Debug|Any CPU
		{2537798F-789B-4E4C-92D4-7125DC1A1CB7}.Debug|ARM.Build.0 = Debug|Any CPU
		{2537798F-789B-4E4C-92D4-7125DC1A1CB7}.Debug|ARM.Deploy.0 = Debug|Any CPU
		{2537798F-789B-4E4C-92D4-7125DC1A1CB7}.Debug|iPhone.ActiveCfg = Debug|Any CPU
		{2537798F-789B-4E4C-92D4-7125DC1A1CB7}.Debug|iPhone.Build.0 = Debug|Any CPU
		{2537798F-789B-4E4C-92D4-7125DC1A1CB7}.Debug|iPhone.Deploy.0 = Debug|Any CPU
		{2537798F-789B-4E4C-92D4-7125DC1A1CB7}.Debug|iPhoneSimulator.ActiveCfg = Debug|Any CPU
		{2537798F-789B-4E4C-92D4-7125DC1A1CB7}.Debug|iPhoneSimulator.Build.0 = Debug|Any CPU
		{2537798F-789B-4E4C-92D4-7125DC1A1CB7}.Debug|iPhoneSimulator.Deploy.0 = Debug|Any CPU
		{2537798F-789B-4E4C-92D4-7125DC1A1CB7}.Debug|x64.ActiveCfg = Debug|Any CPU
		{2537798F-789B-4E4C-92D4-7125DC1A1CB7}.Debug|x64.Build.0 = Debug|Any CPU
		{2537798F-789B-4E4C-92D4-7125DC1A1CB7}.Debug|x64.Deploy.0 = Debug|Any CPU
		{2537798F-789B-4E4C-92D4-7125DC1A1CB7}.Debug|x86.ActiveCfg = Debug|Any CPU
		{2537798F-789B-4E4C-92D4-7125DC1A1CB7}.Debug|x86.Build.0 = Debug|Any CPU
		{2537798F-789B-4E4C-92D4-7125DC1A1CB7}.Debug|x86.Deploy.0 = Debug|Any CPU
		{2537798F-789B-4E4C-92D4-7125DC1A1CB7}.Release|Any CPU.ActiveCfg = Release|Any CPU
		{2537798F-789B-4E4C-92D4-7125DC1A1CB7}.Release|Any CPU.Build.0 = Release|Any CPU
		{2537798F-789B-4E4C-92D4-7125DC1A1CB7}.Release|Any CPU.Deploy.0 = Release|Any CPU
		{2537798F-789B-4E4C-92D4-7125DC1A1CB7}.Release|ARM.ActiveCfg = Release|Any CPU
		{2537798F-789B-4E4C-92D4-7125DC1A1CB7}.Release|ARM.Build.0 = Release|Any CPU
		{2537798F-789B-4E4C-92D4-7125DC1A1CB7}.Release|ARM.Deploy.0 = Release|Any CPU
		{2537798F-789B-4E4C-92D4-7125DC1A1CB7}.Release|iPhone.ActiveCfg = Release|Any CPU
		{2537798F-789B-4E4C-92D4-7125DC1A1CB7}.Release|iPhone.Build.0 = Release|Any CPU
		{2537798F-789B-4E4C-92D4-7125DC1A1CB7}.Release|iPhone.Deploy.0 = Release|Any CPU
		{2537798F-789B-4E4C-92D4-7125DC1A1CB7}.Release|iPhoneSimulator.ActiveCfg = Release|Any CPU
		{2537798F-789B-4E4C-92D4-7125DC1A1CB7}.Release|iPhoneSimulator.Build.0 = Release|Any CPU
		{2537798F-789B-4E4C-92D4-7125DC1A1CB7}.Release|iPhoneSimulator.Deploy.0 = Release|Any CPU
		{2537798F-789B-4E4C-92D4-7125DC1A1CB7}.Release|x64.ActiveCfg = Release|Any CPU
		{2537798F-789B-4E4C-92D4-7125DC1A1CB7}.Release|x64.Build.0 = Release|Any CPU
		{2537798F-789B-4E4C-92D4-7125DC1A1CB7}.Release|x64.Deploy.0 = Release|Any CPU
		{2537798F-789B-4E4C-92D4-7125DC1A1CB7}.Release|x86.ActiveCfg = Release|Any CPU
		{2537798F-789B-4E4C-92D4-7125DC1A1CB7}.Release|x86.Build.0 = Release|Any CPU
		{2537798F-789B-4E4C-92D4-7125DC1A1CB7}.Release|x86.Deploy.0 = Release|Any CPU
		{776117CF-6A38-46F5-9734-B62EF6D16FED}.Ad-Hoc|Any CPU.ActiveCfg = Ad-Hoc|iPhone
		{776117CF-6A38-46F5-9734-B62EF6D16FED}.Ad-Hoc|Any CPU.Build.0 = Ad-Hoc|iPhone
		{776117CF-6A38-46F5-9734-B62EF6D16FED}.Ad-Hoc|Any CPU.Deploy.0 = Ad-Hoc|iPhone
		{776117CF-6A38-46F5-9734-B62EF6D16FED}.Ad-Hoc|ARM.ActiveCfg = Ad-Hoc|iPhone
		{776117CF-6A38-46F5-9734-B62EF6D16FED}.Ad-Hoc|ARM.Build.0 = Ad-Hoc|iPhone
		{776117CF-6A38-46F5-9734-B62EF6D16FED}.Ad-Hoc|ARM.Deploy.0 = Ad-Hoc|iPhone
		{776117CF-6A38-46F5-9734-B62EF6D16FED}.Ad-Hoc|iPhone.ActiveCfg = Ad-Hoc|iPhone
		{776117CF-6A38-46F5-9734-B62EF6D16FED}.Ad-Hoc|iPhone.Build.0 = Ad-Hoc|iPhone
		{776117CF-6A38-46F5-9734-B62EF6D16FED}.Ad-Hoc|iPhone.Deploy.0 = Ad-Hoc|iPhone
		{776117CF-6A38-46F5-9734-B62EF6D16FED}.Ad-Hoc|iPhoneSimulator.ActiveCfg = Ad-Hoc|iPhoneSimulator
		{776117CF-6A38-46F5-9734-B62EF6D16FED}.Ad-Hoc|iPhoneSimulator.Build.0 = Ad-Hoc|iPhoneSimulator
		{776117CF-6A38-46F5-9734-B62EF6D16FED}.Ad-Hoc|iPhoneSimulator.Deploy.0 = Ad-Hoc|iPhoneSimulator
		{776117CF-6A38-46F5-9734-B62EF6D16FED}.Ad-Hoc|x64.ActiveCfg = Ad-Hoc|iPhone
		{776117CF-6A38-46F5-9734-B62EF6D16FED}.Ad-Hoc|x64.Build.0 = Ad-Hoc|iPhone
		{776117CF-6A38-46F5-9734-B62EF6D16FED}.Ad-Hoc|x64.Deploy.0 = Ad-Hoc|iPhone
		{776117CF-6A38-46F5-9734-B62EF6D16FED}.Ad-Hoc|x86.ActiveCfg = Ad-Hoc|iPhone
		{776117CF-6A38-46F5-9734-B62EF6D16FED}.Ad-Hoc|x86.Build.0 = Ad-Hoc|iPhone
		{776117CF-6A38-46F5-9734-B62EF6D16FED}.Ad-Hoc|x86.Deploy.0 = Ad-Hoc|iPhone
		{776117CF-6A38-46F5-9734-B62EF6D16FED}.AppStore|Any CPU.ActiveCfg = AppStore|iPhone
		{776117CF-6A38-46F5-9734-B62EF6D16FED}.AppStore|Any CPU.Build.0 = AppStore|iPhone
		{776117CF-6A38-46F5-9734-B62EF6D16FED}.AppStore|Any CPU.Deploy.0 = AppStore|iPhone
		{776117CF-6A38-46F5-9734-B62EF6D16FED}.AppStore|ARM.ActiveCfg = AppStore|iPhone
		{776117CF-6A38-46F5-9734-B62EF6D16FED}.AppStore|ARM.Build.0 = AppStore|iPhone
		{776117CF-6A38-46F5-9734-B62EF6D16FED}.AppStore|ARM.Deploy.0 = AppStore|iPhone
		{776117CF-6A38-46F5-9734-B62EF6D16FED}.AppStore|iPhone.ActiveCfg = AppStore|iPhone
		{776117CF-6A38-46F5-9734-B62EF6D16FED}.AppStore|iPhone.Build.0 = AppStore|iPhone
		{776117CF-6A38-46F5-9734-B62EF6D16FED}.AppStore|iPhone.Deploy.0 = AppStore|iPhone
		{776117CF-6A38-46F5-9734-B62EF6D16FED}.AppStore|iPhoneSimulator.ActiveCfg = AppStore|iPhoneSimulator
		{776117CF-6A38-46F5-9734-B62EF6D16FED}.AppStore|iPhoneSimulator.Build.0 = AppStore|iPhoneSimulator
		{776117CF-6A38-46F5-9734-B62EF6D16FED}.AppStore|iPhoneSimulator.Deploy.0 = AppStore|iPhoneSimulator
		{776117CF-6A38-46F5-9734-B62EF6D16FED}.AppStore|x64.ActiveCfg = AppStore|iPhone
		{776117CF-6A38-46F5-9734-B62EF6D16FED}.AppStore|x64.Build.0 = AppStore|iPhone
		{776117CF-6A38-46F5-9734-B62EF6D16FED}.AppStore|x64.Deploy.0 = AppStore|iPhone
		{776117CF-6A38-46F5-9734-B62EF6D16FED}.AppStore|x86.ActiveCfg = AppStore|iPhone
		{776117CF-6A38-46F5-9734-B62EF6D16FED}.AppStore|x86.Build.0 = AppStore|iPhone
		{776117CF-6A38-46F5-9734-B62EF6D16FED}.AppStore|x86.Deploy.0 = AppStore|iPhone
		{776117CF-6A38-46F5-9734-B62EF6D16FED}.Debug|Any CPU.ActiveCfg = Debug|iPhoneSimulator
		{776117CF-6A38-46F5-9734-B62EF6D16FED}.Debug|Any CPU.Build.0 = Debug|iPhoneSimulator
		{776117CF-6A38-46F5-9734-B62EF6D16FED}.Debug|Any CPU.Deploy.0 = Debug|iPhoneSimulator
		{776117CF-6A38-46F5-9734-B62EF6D16FED}.Debug|ARM.ActiveCfg = Debug|iPhone
		{776117CF-6A38-46F5-9734-B62EF6D16FED}.Debug|ARM.Build.0 = Debug|iPhone
		{776117CF-6A38-46F5-9734-B62EF6D16FED}.Debug|ARM.Deploy.0 = Debug|iPhone
		{776117CF-6A38-46F5-9734-B62EF6D16FED}.Debug|iPhone.ActiveCfg = Debug|iPhone
		{776117CF-6A38-46F5-9734-B62EF6D16FED}.Debug|iPhone.Build.0 = Debug|iPhone
		{776117CF-6A38-46F5-9734-B62EF6D16FED}.Debug|iPhone.Deploy.0 = Debug|iPhone
		{776117CF-6A38-46F5-9734-B62EF6D16FED}.Debug|iPhoneSimulator.ActiveCfg = Debug|iPhoneSimulator
		{776117CF-6A38-46F5-9734-B62EF6D16FED}.Debug|iPhoneSimulator.Build.0 = Debug|iPhoneSimulator
		{776117CF-6A38-46F5-9734-B62EF6D16FED}.Debug|iPhoneSimulator.Deploy.0 = Debug|iPhoneSimulator
		{776117CF-6A38-46F5-9734-B62EF6D16FED}.Debug|x64.ActiveCfg = Debug|iPhone
		{776117CF-6A38-46F5-9734-B62EF6D16FED}.Debug|x64.Build.0 = Debug|iPhone
		{776117CF-6A38-46F5-9734-B62EF6D16FED}.Debug|x64.Deploy.0 = Debug|iPhone
		{776117CF-6A38-46F5-9734-B62EF6D16FED}.Debug|x86.ActiveCfg = Debug|iPhone
		{776117CF-6A38-46F5-9734-B62EF6D16FED}.Debug|x86.Build.0 = Debug|iPhone
		{776117CF-6A38-46F5-9734-B62EF6D16FED}.Debug|x86.Deploy.0 = Debug|iPhone
		{776117CF-6A38-46F5-9734-B62EF6D16FED}.Release|Any CPU.ActiveCfg = Release|iPhone
		{776117CF-6A38-46F5-9734-B62EF6D16FED}.Release|Any CPU.Build.0 = Release|iPhone
		{776117CF-6A38-46F5-9734-B62EF6D16FED}.Release|Any CPU.Deploy.0 = Release|iPhone
		{776117CF-6A38-46F5-9734-B62EF6D16FED}.Release|ARM.ActiveCfg = Release|iPhone
		{776117CF-6A38-46F5-9734-B62EF6D16FED}.Release|ARM.Build.0 = Release|iPhone
		{776117CF-6A38-46F5-9734-B62EF6D16FED}.Release|ARM.Deploy.0 = Release|iPhone
		{776117CF-6A38-46F5-9734-B62EF6D16FED}.Release|iPhone.ActiveCfg = Release|iPhone
		{776117CF-6A38-46F5-9734-B62EF6D16FED}.Release|iPhone.Build.0 = Release|iPhone
		{776117CF-6A38-46F5-9734-B62EF6D16FED}.Release|iPhone.Deploy.0 = Release|iPhone
		{776117CF-6A38-46F5-9734-B62EF6D16FED}.Release|iPhoneSimulator.ActiveCfg = Release|iPhoneSimulator
		{776117CF-6A38-46F5-9734-B62EF6D16FED}.Release|iPhoneSimulator.Build.0 = Release|iPhoneSimulator
		{776117CF-6A38-46F5-9734-B62EF6D16FED}.Release|iPhoneSimulator.Deploy.0 = Release|iPhoneSimulator
		{776117CF-6A38-46F5-9734-B62EF6D16FED}.Release|x64.ActiveCfg = Release|iPhone
		{776117CF-6A38-46F5-9734-B62EF6D16FED}.Release|x64.Build.0 = Release|iPhone
		{776117CF-6A38-46F5-9734-B62EF6D16FED}.Release|x64.Deploy.0 = Release|iPhone
		{776117CF-6A38-46F5-9734-B62EF6D16FED}.Release|x86.ActiveCfg = Release|iPhone
		{776117CF-6A38-46F5-9734-B62EF6D16FED}.Release|x86.Build.0 = Release|iPhone
		{776117CF-6A38-46F5-9734-B62EF6D16FED}.Release|x86.Deploy.0 = Release|iPhone
		{D666E15F-4AB4-450C-998C-ACAA5062DCE4}.Ad-Hoc|Any CPU.ActiveCfg = Release|x86
		{D666E15F-4AB4-450C-998C-ACAA5062DCE4}.Ad-Hoc|Any CPU.Build.0 = Release|x86
		{D666E15F-4AB4-450C-998C-ACAA5062DCE4}.Ad-Hoc|Any CPU.Deploy.0 = Release|x86
		{D666E15F-4AB4-450C-998C-ACAA5062DCE4}.Ad-Hoc|ARM.ActiveCfg = Release|ARM
		{D666E15F-4AB4-450C-998C-ACAA5062DCE4}.Ad-Hoc|ARM.Build.0 = Release|ARM
		{D666E15F-4AB4-450C-998C-ACAA5062DCE4}.Ad-Hoc|ARM.Deploy.0 = Release|ARM
		{D666E15F-4AB4-450C-998C-ACAA5062DCE4}.Ad-Hoc|iPhone.ActiveCfg = Release|x86
		{D666E15F-4AB4-450C-998C-ACAA5062DCE4}.Ad-Hoc|iPhone.Build.0 = Release|x86
		{D666E15F-4AB4-450C-998C-ACAA5062DCE4}.Ad-Hoc|iPhone.Deploy.0 = Release|x86
		{D666E15F-4AB4-450C-998C-ACAA5062DCE4}.Ad-Hoc|iPhoneSimulator.ActiveCfg = Release|x86
		{D666E15F-4AB4-450C-998C-ACAA5062DCE4}.Ad-Hoc|iPhoneSimulator.Build.0 = Release|x86
		{D666E15F-4AB4-450C-998C-ACAA5062DCE4}.Ad-Hoc|iPhoneSimulator.Deploy.0 = Release|x86
		{D666E15F-4AB4-450C-998C-ACAA5062DCE4}.Ad-Hoc|x64.ActiveCfg = Release|x64
		{D666E15F-4AB4-450C-998C-ACAA5062DCE4}.Ad-Hoc|x64.Build.0 = Release|x64
		{D666E15F-4AB4-450C-998C-ACAA5062DCE4}.Ad-Hoc|x64.Deploy.0 = Release|x64
		{D666E15F-4AB4-450C-998C-ACAA5062DCE4}.Ad-Hoc|x86.ActiveCfg = Release|x86
		{D666E15F-4AB4-450C-998C-ACAA5062DCE4}.Ad-Hoc|x86.Build.0 = Release|x86
		{D666E15F-4AB4-450C-998C-ACAA5062DCE4}.Ad-Hoc|x86.Deploy.0 = Release|x86
		{D666E15F-4AB4-450C-998C-ACAA5062DCE4}.AppStore|Any CPU.ActiveCfg = Release|x86
		{D666E15F-4AB4-450C-998C-ACAA5062DCE4}.AppStore|Any CPU.Build.0 = Release|x86
		{D666E15F-4AB4-450C-998C-ACAA5062DCE4}.AppStore|Any CPU.Deploy.0 = Release|x86
		{D666E15F-4AB4-450C-998C-ACAA5062DCE4}.AppStore|ARM.ActiveCfg = Release|ARM
		{D666E15F-4AB4-450C-998C-ACAA5062DCE4}.AppStore|ARM.Build.0 = Release|ARM
		{D666E15F-4AB4-450C-998C-ACAA5062DCE4}.AppStore|ARM.Deploy.0 = Release|ARM
		{D666E15F-4AB4-450C-998C-ACAA5062DCE4}.AppStore|iPhone.ActiveCfg = Release|x86
		{D666E15F-4AB4-450C-998C-ACAA5062DCE4}.AppStore|iPhone.Build.0 = Release|x86
		{D666E15F-4AB4-450C-998C-ACAA5062DCE4}.AppStore|iPhone.Deploy.0 = Release|x86
		{D666E15F-4AB4-450C-998C-ACAA5062DCE4}.AppStore|iPhoneSimulator.ActiveCfg = Release|x86
		{D666E15F-4AB4-450C-998C-ACAA5062DCE4}.AppStore|iPhoneSimulator.Build.0 = Release|x86
		{D666E15F-4AB4-450C-998C-ACAA5062DCE4}.AppStore|iPhoneSimulator.Deploy.0 = Release|x86
		{D666E15F-4AB4-450C-998C-ACAA5062DCE4}.AppStore|x64.ActiveCfg = Release|x64
		{D666E15F-4AB4-450C-998C-ACAA5062DCE4}.AppStore|x64.Build.0 = Release|x64
		{D666E15F-4AB4-450C-998C-ACAA5062DCE4}.AppStore|x64.Deploy.0 = Release|x64
		{D666E15F-4AB4-450C-998C-ACAA5062DCE4}.AppStore|x86.ActiveCfg = Release|x86
		{D666E15F-4AB4-450C-998C-ACAA5062DCE4}.AppStore|x86.Build.0 = Release|x86
		{D666E15F-4AB4-450C-998C-ACAA5062DCE4}.AppStore|x86.Deploy.0 = Release|x86
		{D666E15F-4AB4-450C-998C-ACAA5062DCE4}.Debug|Any CPU.ActiveCfg = Debug|x86
		{D666E15F-4AB4-450C-998C-ACAA5062DCE4}.Debug|Any CPU.Build.0 = Debug|x86
		{D666E15F-4AB4-450C-998C-ACAA5062DCE4}.Debug|Any CPU.Deploy.0 = Debug|x86
		{D666E15F-4AB4-450C-998C-ACAA5062DCE4}.Debug|ARM.ActiveCfg = Debug|ARM
		{D666E15F-4AB4-450C-998C-ACAA5062DCE4}.Debug|ARM.Build.0 = Debug|ARM
		{D666E15F-4AB4-450C-998C-ACAA5062DCE4}.Debug|ARM.Deploy.0 = Debug|ARM
		{D666E15F-4AB4-450C-998C-ACAA5062DCE4}.Debug|iPhone.ActiveCfg = Debug|x86
		{D666E15F-4AB4-450C-998C-ACAA5062DCE4}.Debug|iPhone.Build.0 = Debug|x86
		{D666E15F-4AB4-450C-998C-ACAA5062DCE4}.Debug|iPhone.Deploy.0 = Debug|x86
		{D666E15F-4AB4-450C-998C-ACAA5062DCE4}.Debug|iPhoneSimulator.ActiveCfg = Debug|x86
		{D666E15F-4AB4-450C-998C-ACAA5062DCE4}.Debug|iPhoneSimulator.Build.0 = Debug|x86
		{D666E15F-4AB4-450C-998C-ACAA5062DCE4}.Debug|iPhoneSimulator.Deploy.0 = Debug|x86
		{D666E15F-4AB4-450C-998C-ACAA5062DCE4}.Debug|x64.ActiveCfg = Debug|x64
		{D666E15F-4AB4-450C-998C-ACAA5062DCE4}.Debug|x64.Build.0 = Debug|x64
		{D666E15F-4AB4-450C-998C-ACAA5062DCE4}.Debug|x64.Deploy.0 = Debug|x64
		{D666E15F-4AB4-450C-998C-ACAA5062DCE4}.Debug|x86.ActiveCfg = Debug|x86
		{D666E15F-4AB4-450C-998C-ACAA5062DCE4}.Debug|x86.Build.0 = Debug|x86
		{D666E15F-4AB4-450C-998C-ACAA5062DCE4}.Debug|x86.Deploy.0 = Debug|x86
		{D666E15F-4AB4-450C-998C-ACAA5062DCE4}.Release|Any CPU.ActiveCfg = Release|x86
		{D666E15F-4AB4-450C-998C-ACAA5062DCE4}.Release|Any CPU.Build.0 = Release|x86
		{D666E15F-4AB4-450C-998C-ACAA5062DCE4}.Release|Any CPU.Deploy.0 = Release|x86
		{D666E15F-4AB4-450C-998C-ACAA5062DCE4}.Release|ARM.ActiveCfg = Release|ARM
		{D666E15F-4AB4-450C-998C-ACAA5062DCE4}.Release|ARM.Build.0 = Release|ARM
		{D666E15F-4AB4-450C-998C-ACAA5062DCE4}.Release|ARM.Deploy.0 = Release|ARM
		{D666E15F-4AB4-450C-998C-ACAA5062DCE4}.Release|iPhone.ActiveCfg = Release|x86
		{D666E15F-4AB4-450C-998C-ACAA5062DCE4}.Release|iPhone.Build.0 = Release|x86
		{D666E15F-4AB4-450C-998C-ACAA5062DCE4}.Release|iPhone.Deploy.0 = Release|x86
		{D666E15F-4AB4-450C-998C-ACAA5062DCE4}.Release|iPhoneSimulator.ActiveCfg = Release|x86
		{D666E15F-4AB4-450C-998C-ACAA5062DCE4}.Release|iPhoneSimulator.Build.0 = Release|x86
		{D666E15F-4AB4-450C-998C-ACAA5062DCE4}.Release|iPhoneSimulator.Deploy.0 = Release|x86
		{D666E15F-4AB4-450C-998C-ACAA5062DCE4}.Release|x64.ActiveCfg = Release|x64
		{D666E15F-4AB4-450C-998C-ACAA5062DCE4}.Release|x64.Build.0 = Release|x64
		{D666E15F-4AB4-450C-998C-ACAA5062DCE4}.Release|x64.Deploy.0 = Release|x64
		{D666E15F-4AB4-450C-998C-ACAA5062DCE4}.Release|x86.ActiveCfg = Release|x86
		{D666E15F-4AB4-450C-998C-ACAA5062DCE4}.Release|x86.Build.0 = Release|x86
		{D666E15F-4AB4-450C-998C-ACAA5062DCE4}.Release|x86.Deploy.0 = Release|x86
		{DBB54D05-25AB-4F12-8275-B67552C11209}.Ad-Hoc|Any CPU.ActiveCfg = Debug|Any CPU
		{DBB54D05-25AB-4F12-8275-B67552C11209}.Ad-Hoc|Any CPU.Build.0 = Debug|Any CPU
		{DBB54D05-25AB-4F12-8275-B67552C11209}.Ad-Hoc|Any CPU.Deploy.0 = Debug|Any CPU
		{DBB54D05-25AB-4F12-8275-B67552C11209}.Ad-Hoc|ARM.ActiveCfg = Debug|Any CPU
		{DBB54D05-25AB-4F12-8275-B67552C11209}.Ad-Hoc|ARM.Build.0 = Debug|Any CPU
		{DBB54D05-25AB-4F12-8275-B67552C11209}.Ad-Hoc|ARM.Deploy.0 = Debug|Any CPU
		{DBB54D05-25AB-4F12-8275-B67552C11209}.Ad-Hoc|iPhone.ActiveCfg = Debug|Any CPU
		{DBB54D05-25AB-4F12-8275-B67552C11209}.Ad-Hoc|iPhone.Build.0 = Debug|Any CPU
		{DBB54D05-25AB-4F12-8275-B67552C11209}.Ad-Hoc|iPhone.Deploy.0 = Debug|Any CPU
		{DBB54D05-25AB-4F12-8275-B67552C11209}.Ad-Hoc|iPhoneSimulator.ActiveCfg = Debug|Any CPU
		{DBB54D05-25AB-4F12-8275-B67552C11209}.Ad-Hoc|iPhoneSimulator.Build.0 = Debug|Any CPU
		{DBB54D05-25AB-4F12-8275-B67552C11209}.Ad-Hoc|iPhoneSimulator.Deploy.0 = Debug|Any CPU
		{DBB54D05-25AB-4F12-8275-B67552C11209}.Ad-Hoc|x64.ActiveCfg = Debug|Any CPU
		{DBB54D05-25AB-4F12-8275-B67552C11209}.Ad-Hoc|x64.Build.0 = Debug|Any CPU
		{DBB54D05-25AB-4F12-8275-B67552C11209}.Ad-Hoc|x64.Deploy.0 = Debug|Any CPU
		{DBB54D05-25AB-4F12-8275-B67552C11209}.Ad-Hoc|x86.ActiveCfg = Debug|Any CPU
		{DBB54D05-25AB-4F12-8275-B67552C11209}.Ad-Hoc|x86.Build.0 = Debug|Any CPU
		{DBB54D05-25AB-4F12-8275-B67552C11209}.Ad-Hoc|x86.Deploy.0 = Debug|Any CPU
		{DBB54D05-25AB-4F12-8275-B67552C11209}.AppStore|Any CPU.ActiveCfg = Debug|Any CPU
		{DBB54D05-25AB-4F12-8275-B67552C11209}.AppStore|Any CPU.Build.0 = Debug|Any CPU
		{DBB54D05-25AB-4F12-8275-B67552C11209}.AppStore|Any CPU.Deploy.0 = Debug|Any CPU
		{DBB54D05-25AB-4F12-8275-B67552C11209}.AppStore|ARM.ActiveCfg = Debug|Any CPU
		{DBB54D05-25AB-4F12-8275-B67552C11209}.AppStore|ARM.Build.0 = Debug|Any CPU
		{DBB54D05-25AB-4F12-8275-B67552C11209}.AppStore|ARM.Deploy.0 = Debug|Any CPU
		{DBB54D05-25AB-4F12-8275-B67552C11209}.AppStore|iPhone.ActiveCfg = Debug|Any CPU
		{DBB54D05-25AB-4F12-8275-B67552C11209}.AppStore|iPhone.Build.0 = Debug|Any CPU
		{DBB54D05-25AB-4F12-8275-B67552C11209}.AppStore|iPhone.Deploy.0 = Debug|Any CPU
		{DBB54D05-25AB-4F12-8275-B67552C11209}.AppStore|iPhoneSimulator.ActiveCfg = Debug|Any CPU
		{DBB54D05-25AB-4F12-8275-B67552C11209}.AppStore|iPhoneSimulator.Build.0 = Debug|Any CPU
		{DBB54D05-25AB-4F12-8275-B67552C11209}.AppStore|iPhoneSimulator.Deploy.0 = Debug|Any CPU
		{DBB54D05-25AB-4F12-8275-B67552C11209}.AppStore|x64.ActiveCfg = Debug|Any CPU
		{DBB54D05-25AB-4F12-8275-B67552C11209}.AppStore|x64.Build.0 = Debug|Any CPU
		{DBB54D05-25AB-4F12-8275-B67552C11209}.AppStore|x64.Deploy.0 = Debug|Any CPU
		{DBB54D05-25AB-4F12-8275-B67552C11209}.AppStore|x86.ActiveCfg = Debug|Any CPU
		{DBB54D05-25AB-4F12-8275-B67552C11209}.AppStore|x86.Build.0 = Debug|Any CPU
		{DBB54D05-25AB-4F12-8275-B67552C11209}.AppStore|x86.Deploy.0 = Debug|Any CPU
		{DBB54D05-25AB-4F12-8275-B67552C11209}.Debug|Any CPU.ActiveCfg = Debug|Any CPU
		{DBB54D05-25AB-4F12-8275-B67552C11209}.Debug|Any CPU.Build.0 = Debug|Any CPU
		{DBB54D05-25AB-4F12-8275-B67552C11209}.Debug|Any CPU.Deploy.0 = Debug|Any CPU
		{DBB54D05-25AB-4F12-8275-B67552C11209}.Debug|ARM.ActiveCfg = Debug|Any CPU
		{DBB54D05-25AB-4F12-8275-B67552C11209}.Debug|ARM.Build.0 = Debug|Any CPU
		{DBB54D05-25AB-4F12-8275-B67552C11209}.Debug|ARM.Deploy.0 = Debug|Any CPU
		{DBB54D05-25AB-4F12-8275-B67552C11209}.Debug|iPhone.ActiveCfg = Debug|Any CPU
		{DBB54D05-25AB-4F12-8275-B67552C11209}.Debug|iPhone.Build.0 = Debug|Any CPU
		{DBB54D05-25AB-4F12-8275-B67552C11209}.Debug|iPhone.Deploy.0 = Debug|Any CPU
		{DBB54D05-25AB-4F12-8275-B67552C11209}.Debug|iPhoneSimulator.ActiveCfg = Debug|Any CPU
		{DBB54D05-25AB-4F12-8275-B67552C11209}.Debug|iPhoneSimulator.Build.0 = Debug|Any CPU
		{DBB54D05-25AB-4F12-8275-B67552C11209}.Debug|iPhoneSimulator.Deploy.0 = Debug|Any CPU
		{DBB54D05-25AB-4F12-8275-B67552C11209}.Debug|x64.ActiveCfg = Debug|Any CPU
		{DBB54D05-25AB-4F12-8275-B67552C11209}.Debug|x64.Build.0 = Debug|Any CPU
		{DBB54D05-25AB-4F12-8275-B67552C11209}.Debug|x64.Deploy.0 = Debug|Any CPU
		{DBB54D05-25AB-4F12-8275-B67552C11209}.Debug|x86.ActiveCfg = Debug|Any CPU
		{DBB54D05-25AB-4F12-8275-B67552C11209}.Debug|x86.Build.0 = Debug|Any CPU
		{DBB54D05-25AB-4F12-8275-B67552C11209}.Debug|x86.Deploy.0 = Debug|Any CPU
		{DBB54D05-25AB-4F12-8275-B67552C11209}.Release|Any CPU.ActiveCfg = Release|Any CPU
		{DBB54D05-25AB-4F12-8275-B67552C11209}.Release|Any CPU.Build.0 = Release|Any CPU
		{DBB54D05-25AB-4F12-8275-B67552C11209}.Release|Any CPU.Deploy.0 = Release|Any CPU
		{DBB54D05-25AB-4F12-8275-B67552C11209}.Release|ARM.ActiveCfg = Release|Any CPU
		{DBB54D05-25AB-4F12-8275-B67552C11209}.Release|ARM.Build.0 = Release|Any CPU
		{DBB54D05-25AB-4F12-8275-B67552C11209}.Release|ARM.Deploy.0 = Release|Any CPU
		{DBB54D05-25AB-4F12-8275-B67552C11209}.Release|iPhone.ActiveCfg = Release|Any CPU
		{DBB54D05-25AB-4F12-8275-B67552C11209}.Release|iPhone.Build.0 = Release|Any CPU
		{DBB54D05-25AB-4F12-8275-B67552C11209}.Release|iPhone.Deploy.0 = Release|Any CPU
		{DBB54D05-25AB-4F12-8275-B67552C11209}.Release|iPhoneSimulator.ActiveCfg = Release|Any CPU
		{DBB54D05-25AB-4F12-8275-B67552C11209}.Release|iPhoneSimulator.Build.0 = Release|Any CPU
		{DBB54D05-25AB-4F12-8275-B67552C11209}.Release|iPhoneSimulator.Deploy.0 = Release|Any CPU
		{DBB54D05-25AB-4F12-8275-B67552C11209}.Release|x64.ActiveCfg = Release|Any CPU
		{DBB54D05-25AB-4F12-8275-B67552C11209}.Release|x64.Build.0 = Release|Any CPU
		{DBB54D05-25AB-4F12-8275-B67552C11209}.Release|x64.Deploy.0 = Release|Any CPU
		{DBB54D05-25AB-4F12-8275-B67552C11209}.Release|x86.ActiveCfg = Release|Any CPU
		{DBB54D05-25AB-4F12-8275-B67552C11209}.Release|x86.Build.0 = Release|Any CPU
		{DBB54D05-25AB-4F12-8275-B67552C11209}.Release|x86.Deploy.0 = Release|Any CPU
	EndGlobalSection
	GlobalSection(SolutionProperties) = preSolution
		HideSolutionNode = FALSE
	EndGlobalSection
	GlobalSection(ExtensibilityGlobals) = postSolution
		SolutionGuid = {4856A0B7-0F91-4143-A46E-CA7110DF71E1}
	EndGlobalSection
EndGlobal
